{
  "name": "arrobafit",
  "version": "1.0.0",
  "lockfileVersion": 3,
  "requires": true,
  "packages": {
    "": {
      "name": "arrobafit",
      "version": "1.0.0",
      "license": "ISC",
      "dependencies": {
        "workbox-precaching": "^7.4.0"
      }
    },
    "node_modules/workbox-core": {
      "version": "7.4.0",
      "resolved": "https://registry.npmjs.org/workbox-core/-/workbox-core-7.4.0.tgz",
      "integrity": "sha512-6BMfd8tYEnN4baG4emG9U0hdXM4gGuDU3ectXuVHnj71vwxTFI7WOpQJC4siTOlVtGqCUtj0ZQNsrvi6kZZTAQ==",
      "license": "MIT"
    },
    "node_modules/workbox-precaching": {
      "version": "7.4.0",
      "resolved": "https://registry.npmjs.org/workbox-precaching/-/workbox-precaching-7.4.0.tgz",
      "integrity": "sha512-VQs37T6jDqf1rTxUJZXRl3yjZMf5JX/vDPhmx2CPgDDKXATzEoqyRqhYnRoxl6Kr0rqaQlp32i9rtG5zTzIlNg==",
      "license": "MIT",
      "dependencies": {
        "workbox-core": "7.4.0",
        "workbox-routing": "7.4.0",
        "workbox-strategies": "7.4.0"
      }
    },
    "node_modules/workbox-routing": {
      "version": "7.4.0",
      "resolved": "https://registry.npmjs.org/workbox-routing/-/workbox-routing-7.4.0.tgz",
      "integrity": "sha512-C/ooj5uBWYAhAqwmU8HYQJdOjjDKBp9MzTQ+otpMmd+q0eF59K+NuXUek34wbL0RFrIXe/KKT+tUWcZcBqxbHQ==",
      "license": "MIT",
      "dependencies": {
        "workbox-core": "7.4.0"
      }
    },
    "node_modules/workbox-strategies": {
      "version": "7.4.0",
      "resolved": "https://registry.npmjs.org/workbox-strategies/-/workbox-strategies-7.4.0.tgz",
      "integrity": "sha512-T4hVqIi5A4mHi92+5EppMX3cLaVywDp8nsyUgJhOZxcfSV/eQofcOA6/EMo5rnTNmNTpw0rUgjAI6LaVullPpg==",
      "license": "MIT",
      "dependencies": {
        "workbox-core": "7.4.0"
      }
    }
  }
}
